# This file is autogenerated, do not edit; changes may be undone by the next 'dep ensure'.


[[projects]]
  branch = "master"
  name = "github.com/dustin/go-humanize"
  packages = ["."]
  revision = "bb3d318650d48840a39aa21a027c6630e198e626"

[solve-meta]
  analyzer-name = "dep"
  analyzer-version = 1
  inputs-digest = "b3051586eb78b02a1efbfe0ba6a735f902cd215fd702713875f182745910fddb"
  solver-name = "gps-cdcl"
  solver-version = 1
